Microsoft Visual Studio Solution File, Format Version 12.00
# Visual Studio Version 17
VisualStudioVersion = 17.5.2.0
MinimumVisualStudioVersion = 10.0.40219.1
Project("{FAE04EC0-301F-11D3-BF4B-00C04F79EFBC}") = "TCGStreamPacks", "TCGStreamPacks.csproj", "{7A10A606-AD1E-DC84-124F-8C5E33055F9B}"
EndProject
Global
	GlobalSection(SolutionConfigurationPlatforms) = preSolution
		Debug|Any CPU = Debug|Any CPU
		Release|Any CPU = Release|Any CPU
	EndGlobalSection
	GlobalSection(ProjectConfigurationPlatforms) = postSolution
		{7A10A606-AD1E-DC84-124F-8C5E33055F9B}.Debug|Any CPU.ActiveCfg = Debug|Any CPU
		{7A10A606-AD1E-DC84-124F-8C5E33055F9B}.Debug|Any CPU.Build.0 = Debug|Any CPU
		{7A10A606-AD1E-DC84-124F-8C5E33055F9B}.Release|Any CPU.ActiveCfg = Release|Any CPU
		{7A10A606-AD1E-DC84-124F-8C5E33055F9B}.Release|Any CPU.Build.0 = Release|Any CPU
	EndGlobalSection
	GlobalSection(SolutionProperties) = preSolution
		HideSolutionNode = FALSE
	EndGlobalSection
	GlobalSection(ExtensibilityGlobals) = postSolution
		SolutionGuid = {CFDD0AD3-119D-4726-91EC-8E1AD121BDA2}
	EndGlobalSection
EndGlobal
